
Microsoft Visual Studio Solution File, Format Version 12.00
# Visual Studio Version 16
VisualStudioVersion = 16.0.32002.261
MinimumVisualStudioVersion = 10.0.40219.1
Project("{FAE04EC0-301F-11D3-BF4B-00C04F79EFBC}") = "AddressBookSystem_ADO.NET", "AddressBookSystem_ADO.NET\AddressBookSystem_ADO.NET.csproj", "{9EE2EC62-A320-4144-AE17-FA6F553A312F}"
EndProject
Global
	GlobalSection(SolutionConfigurationPlatforms) = preSolution
		Debug|Any CPU = Debug|Any CPU
		Release|Any CPU = Release|Any CPU
	EndGlobalSection
	GlobalSection(ProjectConfigurationPlatforms) = postSolution
		{9EE2EC62-A320-4144-AE17-FA6F553A312F}.Debug|Any CPU.ActiveCfg = Debug|Any CPU
		{9EE2EC62-A320-4144-AE17-FA6F553A312F}.Debug|Any CPU.Build.0 = Debug|Any CPU
		{9EE2EC62-A320-4144-AE17-FA6F553A312F}.Release|Any CPU.ActiveCfg = Release|Any CPU
		{9EE2EC62-A320-4144-AE17-FA6F553A312F}.Release|Any CPU.Build.0 = Release|Any CPU
	EndGlobalSection
	GlobalSection(SolutionProperties) = preSolution
		HideSolutionNode = FALSE
	EndGlobalSection
	GlobalSection(ExtensibilityGlobals) = postSolution
		SolutionGuid = {E2425FFF-5B4C-4D2E-8880-774709CD0B7E}
	EndGlobalSection
EndGlobal
